<?xml version="1.0" encoding="utf-8"?>
<Project ToolsVersion="4.0" xmlns="http://schemas.microsoft.com/developer/msbuild/2003">
  <ItemGroup>
    <Filter Include="Source Files">
      <UniqueIdentifier>{4FC737F1-C7A5-4376-A066-2A32D752A2FF}</UniqueIdentifier>
      <Extensions>cpp;c;cc;cxx;def;odl;idl;hpj;bat;asm;asmx</Extensions>
    </Filter>
    <Filter Include="Source Files\dosbox">
      <UniqueIdentifier>{743ca14d-65f4-4353-8ae5-172a6d1ec938}</UniqueIdentifier>
    </Filter>
    <Filter Include="Header Files">
      <UniqueIdentifier>{93995380-89BD-4b04-88EB-625FBE52EBFB}</UniqueIdentifier>
      <Extensions>h;hpp;hxx;hm;inl;inc;xsd</Extensions>
    </Filter>
    <Filter Include="Resource Files">
      <UniqueIdentifier>{67DA6AB6-F800-4c08-8B7A-83BB121AAD01}</UniqueIdentifier>
      <Extensions>rc;ico;cur;bmp;dlg;rc2;rct;bin;rgs;gif;jpg;jpeg;jpe;resx;tiff;tif;png;wav</Extensions>
    </Filter>
    <Filter Include="Source Files\palettes">
      <UniqueIdentifier>{62a9a311-7214-4b10-b4a5-9ec8b081efaa}</UniqueIdentifier>
    </Filter>
  </ItemGroup>
  <ItemGroup>
    <ClCompile Include="..\wolf3d\sdl_winmain.cpp">
      <Filter>Source Files</Filter>
    </ClCompile>
    <ClCompile Include="..\wolf3d\gp2x\gp2x.cpp">
      <Filter>Source Files</Filter>
    </ClCompile>
    <ClCompile Include="..\wolf3d\id_ca.cpp">
      <Filter>Source Files</Filter>
    </ClCompile>
    <ClCompile Include="..\wolf3d\id_in.cpp">
      <Filter>Source Files</Filter>
    </ClCompile>
    <ClCompile Include="..\wolf3d\id_pm.cpp">
      <Filter>Source Files</Filter>
    </ClCompile>
    <ClCompile Include="..\wolf3d\id_sd.cpp">
      <Filter>Source Files</Filter>
    </ClCompile>
    <ClCompile Include="..\wolf3d\id_us_1.cpp">
      <Filter>Source Files</Filter>
    </ClCompile>
    <ClCompile Include="..\wolf3d\id_vh.cpp">
      <Filter>Source Files</Filter>
    </ClCompile>
    <ClCompile Include="..\wolf3d\id_vl.cpp">
      <Filter>Source Files</Filter>
    </ClCompile>
    <ClCompile Include="..\wolf3d\signon.cpp">
      <Filter>Source Files</Filter>
    </ClCompile>
    <ClCompile Include="..\wolf3d\wl_act1.cpp">
      <Filter>Source Files</Filter>
    </ClCompile>
    <ClCompile Include="..\wolf3d\wl_act2.cpp">
      <Filter>Source Files</Filter>
    </ClCompile>
    <ClCompile Include="..\wolf3d\wl_agent.cpp">
      <Filter>Source Files</Filter>
    </ClCompile>
    <ClCompile Include="..\wolf3d\wl_atmos.cpp">
      <Filter>Source Files</Filter>
    </ClCompile>
    <ClCompile Include="..\wolf3d\wl_cloudsky.cpp">
      <Filter>Source Files</Filter>
    </ClCompile>
    <ClCompile Include="..\wolf3d\wl_debug.cpp">
      <Filter>Source Files</Filter>
    </ClCompile>
    <ClCompile Include="..\wolf3d\wl_dir3dspr.cpp">
      <Filter>Source Files</Filter>
    </ClCompile>
    <ClCompile Include="..\wolf3d\wl_draw.cpp">
      <Filter>Source Files</Filter>
    </ClCompile>
    <ClCompile Include="..\wolf3d\wl_floorceiling.cpp">
      <Filter>Source Files</Filter>
    </ClCompile>
    <ClCompile Include="..\wolf3d\wl_game.cpp">
      <Filter>Source Files</Filter>
    </ClCompile>
    <ClCompile Include="..\wolf3d\wl_inter.cpp">
      <Filter>Source Files</Filter>
    </ClCompile>
    <ClCompile Include="..\wolf3d\wl_main.cpp">
      <Filter>Source Files</Filter>
    </ClCompile>
    <ClCompile Include="..\wolf3d\wl_menu.cpp">
      <Filter>Source Files</Filter>
    </ClCompile>
    <ClCompile Include="..\wolf3d\wl_parallax.cpp">
      <Filter>Source Files</Filter>
    </ClCompile>
    <ClCompile Include="..\wolf3d\wl_play.cpp">
      <Filter>Source Files</Filter>
    </ClCompile>
    <ClCompile Include="..\wolf3d\wl_shade.cpp">
      <Filter>Source Files</Filter>
    </ClCompile>
    <ClCompile Include="..\wolf3d\wl_state.cpp">
      <Filter>Source Files</Filter>
    </ClCompile>
    <ClCompile Include="..\wolf3d\wl_text.cpp">
      <Filter>Source Files</Filter>
    </ClCompile>
    <ClCompile Include="..\wolf3d\dosbox\dbopl.cpp">
      <Filter>Source Files\dosbox</Filter>
    </ClCompile>
  </ItemGroup>
  <ItemGroup>
    <None Include="sodpal.inc">
      <Filter>Source Files\palettes</Filter>
    </None>
    <None Include="wolfpal.inc">
      <Filter>Source Files\palettes</Filter>
    </None>
  </ItemGroup>
  <ItemGroup>
    <ClInclude Include="..\wolf3d\audiosod.h">
      <Filter>Header Files</Filter>
    </ClInclude>
    <ClInclude Include="..\wolf3d\audiowl6.h">
      <Filter>Header Files</Filter>
    </ClInclude>
    <ClInclude Include="..\wolf3d\dosbox\dbopl.h">
      <Filter>Header Files</Filter>
    </ClInclude>
    <ClInclude Include="..\wolf3d\foreign.h">
      <Filter>Header Files</Filter>
    </ClInclude>
    <ClInclude Include="..\wolf3d\f_spear.h">
      <Filter>Header Files</Filter>
    </ClInclude>
    <ClInclude Include="..\wolf3d\gfxv_apo.h">
      <Filter>Header Files</Filter>
    </ClInclude>
    <ClInclude Include="..\wolf3d\gfxv_jap.h">
      <Filter>Header Files</Filter>
    </ClInclude>
    <ClInclude Include="..\wolf3d\gfxv_sod.h">
      <Filter>Header Files</Filter>
    </ClInclude>
    <ClInclude Include="..\wolf3d\gfxv_wl6.h">
      <Filter>Header Files</Filter>
    </ClInclude>
    <ClInclude Include="..\wolf3d\gp2x.h">
      <Filter>Header Files</Filter>
    </ClInclude>
    <ClInclude Include="..\wolf3d\id_ca.h">
      <Filter>Header Files</Filter>
    </ClInclude>
    <ClInclude Include="..\wolf3d\id_in.h">
      <Filter>Header Files</Filter>
    </ClInclude>
    <ClInclude Include="..\wolf3d\id_pm.h">
      <Filter>Header Files</Filter>
    </ClInclude>
    <ClInclude Include="..\wolf3d\id_sd.h">
      <Filter>Header Files</Filter>
    </ClInclude>
    <ClInclude Include="..\wolf3d\id_us.h">
      <Filter>Header Files</Filter>
    </ClInclude>
    <ClInclude Include="..\wolf3d\id_vh.h">
      <Filter>Header Files</Filter>
    </ClInclude>
    <ClInclude Include="..\wolf3d\id_vl.h">
      <Filter>Header Files</Filter>
    </ClInclude>
    <ClInclude Include="..\wolf3d\version.h">
      <Filter>Header Files</Filter>
    </ClInclude>
    <ClInclude Include="..\win\resource.h">
      <Filter>Header Files</Filter>
    </ClInclude>
    <ClInclude Include="..\wolf3d\wl_atmos.h">
      <Filter>Header Files</Filter>
    </ClInclude>
    <ClInclude Include="..\wolf3d\wl_cloudsky.h">
      <Filter>Header Files</Filter>
    </ClInclude>
    <ClInclude Include="..\wolf3d\wl_def.h">
      <Filter>Header Files</Filter>
    </ClInclude>
    <ClInclude Include="..\wolf3d\wl_menu.h">
      <Filter>Header Files</Filter>
    </ClInclude>
    <ClInclude Include="..\wolf3d\wl_shade.h">
      <Filter>Header Files</Filter>
    </ClInclude>
  </ItemGroup>
  <ItemGroup>
    <Image Include="..\win\Wolf4SDL.ico">
      <Filter>Resource Files</Filter>
    </Image>
  </ItemGroup>
  <ItemGroup>
    <ResourceCompile Include="..\win\Wolf4SDL.rc">
      <Filter>Resource Files</Filter>
    </ResourceCompile>
  </ItemGroup>
  <ItemGroup>
    <Text Include="Changes.txt" />
    <Text Include="README.txt" />
  </ItemGroup>
</Project>